
Microsoft Visual Studio Solution File, Format Version 12.00
# Visual Studio Version 17
VisualStudioVersion = 17.4.33403.182
MinimumVisualStudioVersion = 10.0.40219.1
Project("{9A19103F-16F7-4668-BE54-9A1E7A4F7556}") = "CRUDOperations", "CRUDOperations\CRUDOperations.csproj", "{DD57BE70-6BF5-4513-B7FC-A35AAEB15220}"
EndProject
Global
	GlobalSection(SolutionConfigurationPlatforms) = preSolution
		Debug|Any CPU = Debug|Any CPU
		Release|Any CPU = Release|Any CPU
	EndGlobalSection
	GlobalSection(ProjectConfigurationPlatforms) = postSolution
		{DD57BE70-6BF5-4513-B7FC-A35AAEB15220}.Debug|Any CPU.ActiveCfg = Debug|Any CPU
		{DD57BE70-6BF5-4513-B7FC-A35AAEB15220}.Debug|Any CPU.Build.0 = Debug|Any CPU
		{DD57BE70-6BF5-4513-B7FC-A35AAEB15220}.Release|Any CPU.ActiveCfg = Release|Any CPU
		{DD57BE70-6BF5-4513-B7FC-A35AAEB15220}.Release|Any CPU.Build.0 = Release|Any CPU
	EndGlobalSection
	GlobalSection(SolutionProperties) = preSolution
		HideSolutionNode = FALSE
	EndGlobalSection
	GlobalSection(ExtensibilityGlobals) = postSolution
		SolutionGuid = {C1374608-422A-474C-8008-1B4A1E511D9D}
	EndGlobalSection
EndGlobal
